
Microsoft Visual Studio Solution File, Format Version 12.00
# Visual Studio Version 16
VisualStudioVersion = 16.0.30309.148
MinimumVisualStudioVersion = 10.0.40219.1
Project("{FAE04EC0-301F-11D3-BF4B-00C04F79EFBC}") = "WebAppSonar2", "WebAppSonar2\WebAppSonar2.csproj", "{ABB582FF-726B-4450-98D8-CADB857BDA8B}"
EndProject
Global
	GlobalSection(SolutionConfigurationPlatforms) = preSolution
		Debug|Any CPU = Debug|Any CPU
		Release|Any CPU = Release|Any CPU
	EndGlobalSection
	GlobalSection(ProjectConfigurationPlatforms) = postSolution
		{ABB582FF-726B-4450-98D8-CADB857BDA8B}.Debug|Any CPU.ActiveCfg = Debug|Any CPU
		{ABB582FF-726B-4450-98D8-CADB857BDA8B}.Debug|Any CPU.Build.0 = Debug|Any CPU
		{ABB582FF-726B-4450-98D8-CADB857BDA8B}.Release|Any CPU.ActiveCfg = Release|Any CPU
		{ABB582FF-726B-4450-98D8-CADB857BDA8B}.Release|Any CPU.Build.0 = Release|Any CPU
	EndGlobalSection
	GlobalSection(SolutionProperties) = preSolution
		HideSolutionNode = FALSE
	EndGlobalSection
	GlobalSection(ExtensibilityGlobals) = postSolution
		SolutionGuid = {E387FE99-FD8D-44DA-B1BA-1B7E59B34BD3}
	EndGlobalSection
EndGlobal
